// !$*UTF8*$!
{
	archiveVersion = 1;
	classes = {
	};
	objectVersion = 46;
	objects = {

/* Begin PBXBuildFile section */
		A3473A59DE733E60E432704B /* Pods_MyFirstApp.framework in Frameworks */ = {isa = PBXBuildFile; fileRef = 0E717B57732DED001A927CF9 /* Pods_MyFirstApp.framework */; };
		DC045E721D8899A000E2EBF6 /* ContactViewController.swift in Sources */ = {isa = PBXBuildFile; fileRef = DC045E711D8899A000E2EBF6 /* ContactViewController.swift */; };
		DC045E741D88A76E00E2EBF6 /* ProductsTableViewController.swift in Sources */ = {isa = PBXBuildFile; fileRef = DC045E731D88A76E00E2EBF6 /* ProductsTableViewController.swift */; };
		DC045E761D89C1EC00E2EBF6 /* Product.swift in Sources */ = {isa = PBXBuildFile; fileRef = DC045E751D89C1EC00E2EBF6 /* Product.swift */; };
		DC0B0C4E1D9AF19B0042B490 /* VisualRecognitionV3.framework in Frameworks */ = {isa = PBXBuildFile; fileRef = DC0B0C4D1D9AF19B0042B490 /* VisualRecognitionV3.framework */; };
		DC0B0C4F1D9AF19B0042B490 /* VisualRecognitionV3.framework in Embed Frameworks */ = {isa = PBXBuildFile; fileRef = DC0B0C4D1D9AF19B0042B490 /* VisualRecognitionV3.framework */; settings = {ATTRIBUTES = (CodeSignOnCopy, RemoveHeadersOnCopy, ); }; };
		DC0B0C511D9AF4190042B490 /* RestKit.framework in Frameworks */ = {isa = PBXBuildFile; fileRef = DC0B0C501D9AF4190042B490 /* RestKit.framework */; };
		DC0B0C521D9AF4190042B490 /* RestKit.framework in Embed Frameworks */ = {isa = PBXBuildFile; fileRef = DC0B0C501D9AF4190042B490 /* RestKit.framework */; settings = {ATTRIBUTES = (CodeSignOnCopy, RemoveHeadersOnCopy, ); }; };
		DC38CFD31D886EBC00425E31 /* AppDelegate.swift in Sources */ = {isa = PBXBuildFile; fileRef = DC38CFD21D886EBC00425E31 /* AppDelegate.swift */; };
		DC38CFD81D886EBC00425E31 /* Main.storyboard in Resources */ = {isa = PBXBuildFile; fileRef = DC38CFD61D886EBC00425E31 /* Main.storyboard */; };
		DC38CFDA1D886EBC00425E31 /* Assets.xcassets in Resources */ = {isa = PBXBuildFile; fileRef = DC38CFD91D886EBC00425E31 /* Assets.xcassets */; };
		DC38CFDD1D886EBC00425E31 /* LaunchScreen.storyboard in Resources */ = {isa = PBXBuildFile; fileRef = DC38CFDB1D886EBC00425E31 /* LaunchScreen.storyboard */; };
		DC38CFE51D88806400425E31 /* ProductViewController.swift in Sources */ = {isa = PBXBuildFile; fileRef = DC38CFE41D88806400425E31 /* ProductViewController.swift */; };
		DC4A08831D9C474A00F9A8AA /* SpeechOrderViewController.swift in Sources */ = {isa = PBXBuildFile; fileRef = DC4A08821D9C474A00F9A8AA /* SpeechOrderViewController.swift */; };
		DC4A08881D9C510900F9A8AA /* AudioRecorderViewController.swift in Sources */ = {isa = PBXBuildFile; fileRef = DC4A08861D9C510900F9A8AA /* AudioRecorderViewController.swift */; };
		DC4A08891D9C510900F9A8AA /* AudioRecorderViewController.xib in Resources */ = {isa = PBXBuildFile; fileRef = DC4A08871D9C510900F9A8AA /* AudioRecorderViewController.xib */; };
		DC4A088C1D9C5D3A00F9A8AA /* PlayButton@2x.png in Resources */ = {isa = PBXBuildFile; fileRef = DC4A088A1D9C5D3A00F9A8AA /* PlayButton@2x.png */; };
		DC4A088D1D9C5D3A00F9A8AA /* StopButton@2x.png in Resources */ = {isa = PBXBuildFile; fileRef = DC4A088B1D9C5D3A00F9A8AA /* StopButton@2x.png */; };
		DC5371021D9ADDFF003C217E /* Alamofire.framework in Frameworks */ = {isa = PBXBuildFile; fileRef = DC5371011D9ADDFF003C217E /* Alamofire.framework */; };
		DC5371031D9ADDFF003C217E /* Alamofire.framework in Embed Frameworks */ = {isa = PBXBuildFile; fileRef = DC5371011D9ADDFF003C217E /* Alamofire.framework */; settings = {ATTRIBUTES = (CodeSignOnCopy, RemoveHeadersOnCopy, ); }; };
		DC5371061D9ADFBD003C217E /* Freddy.framework in Frameworks */ = {isa = PBXBuildFile; fileRef = DC5371051D9ADFBD003C217E /* Freddy.framework */; };
		DC5371071D9ADFBD003C217E /* Freddy.framework in Embed Frameworks */ = {isa = PBXBuildFile; fileRef = DC5371051D9ADFBD003C217E /* Freddy.framework */; settings = {ATTRIBUTES = (CodeSignOnCopy, RemoveHeadersOnCopy, ); }; };
		DC7C473F1D8B387A00CDCC5F /* HEINEKEN.TTF in Resources */ = {isa = PBXBuildFile; fileRef = DC7C473E1D8B387A00CDCC5F /* HEINEKEN.TTF */; };
		DC7C47411D8C7F1C00CDCC5F /* SplashViewController.swift in Sources */ = {isa = PBXBuildFile; fileRef = DC7C47401D8C7F1C00CDCC5F /* SplashViewController.swift */; };
		DCA35DB61D907EE8009F10C5 /* NoClickPurchaseViewController.swift in Sources */ = {isa = PBXBuildFile; fileRef = DCA35DB51D907EE8009F10C5 /* NoClickPurchaseViewController.swift */; };
		DCD7C09E1D9448EA005C9B15 /* GoogleService-Info.plist in Resources */ = {isa = PBXBuildFile; fileRef = DCD7C09D1D9448EA005C9B15 /* GoogleService-Info.plist */; };
		DCD7C0A01D947109005C9B15 /* PlaceOrderViewController.swift in Sources */ = {isa = PBXBuildFile; fileRef = DCD7C09F1D947109005C9B15 /* PlaceOrderViewController.swift */; };
		DCD7C0A21D94767B005C9B15 /* video.mp4 in Resources */ = {isa = PBXBuildFile; fileRef = DCD7C0A11D94767B005C9B15 /* video.mp4 */; };
		DCD7C0A41D94882D005C9B15 /* OrderWithPhotoViewController.swift in Sources */ = {isa = PBXBuildFile; fileRef = DCD7C0A31D94882D005C9B15 /* OrderWithPhotoViewController.swift */; };
/* End PBXBuildFile section */

/* Begin PBXCopyFilesBuildPhase section */
		DC5371041D9ADDFF003C217E /* Embed Frameworks */ = {
			isa = PBXCopyFilesBuildPhase;
			buildActionMask = 2147483647;
			dstPath = "";
			dstSubfolderSpec = 10;
			files = (
				DC5371071D9ADFBD003C217E /* Freddy.framework in Embed Frameworks */,
				DC0B0C4F1D9AF19B0042B490 /* VisualRecognitionV3.framework in Embed Frameworks */,
				DC5371031D9ADDFF003C217E /* Alamofire.framework in Embed Frameworks */,
				DC0B0C521D9AF4190042B490 /* RestKit.framework in Embed Frameworks */,
			);
			name = "Embed Frameworks";
			runOnlyForDeploymentPostprocessing = 0;
		};
/* End PBXCopyFilesBuildPhase section */

/* Begin PBXFileReference section */
		0E717B57732DED001A927CF9 /* Pods_MyFirstApp.framework */ = {isa = PBXFileReference; explicitFileType = wrapper.framework; includeInIndex = 0; path = Pods_MyFirstApp.framework; sourceTree = BUILT_PRODUCTS_DIR; };
		41598FC88F7F5D25E890CE78 /* Pods-MyFirstApp.release.xcconfig */ = {isa = PBXFileReference; includeInIndex = 1; lastKnownFileType = text.xcconfig; name = "Pods-MyFirstApp.release.xcconfig"; path = "Pods/Target Support Files/Pods-MyFirstApp/Pods-MyFirstApp.release.xcconfig"; sourceTree = "<group>"; };
		AD2307F197D5053BAF03DE5A /* Pods-MyFirstApp.debug.xcconfig */ = {isa = PBXFileReference; includeInIndex = 1; lastKnownFileType = text.xcconfig; name = "Pods-MyFirstApp.debug.xcconfig"; path = "Pods/Target Support Files/Pods-MyFirstApp/Pods-MyFirstApp.debug.xcconfig"; sourceTree = "<group>"; };
		DC045E711D8899A000E2EBF6 /* ContactViewController.swift */ = {isa = PBXFileReference; fileEncoding = 4; lastKnownFileType = sourcecode.swift; path = ContactViewController.swift; sourceTree = "<group>"; };
		DC045E731D88A76E00E2EBF6 /* ProductsTableViewController.swift */ = {isa = PBXFileReference; fileEncoding = 4; lastKnownFileType = sourcecode.swift; path = ProductsTableViewController.swift; sourceTree = "<group>"; };
		DC045E751D89C1EC00E2EBF6 /* Product.swift */ = {isa = PBXFileReference; fileEncoding = 4; lastKnownFileType = sourcecode.swift; path = Product.swift; sourceTree = "<group>"; };
		DC0B0C4D1D9AF19B0042B490 /* VisualRecognitionV3.framework */ = {isa = PBXFileReference; explicitFileType = wrapper.framework; path = VisualRecognitionV3.framework; sourceTree = BUILT_PRODUCTS_DIR; };
		DC0B0C501D9AF4190042B490 /* RestKit.framework */ = {isa = PBXFileReference; explicitFileType = wrapper.framework; path = RestKit.framework; sourceTree = BUILT_PRODUCTS_DIR; };
		DC38CFCF1D886EBC00425E31 /* MyFirstApp.app */ = {isa = PBXFileReference; explicitFileType = wrapper.application; includeInIndex = 0; path = MyFirstApp.app; sourceTree = BUILT_PRODUCTS_DIR; };
		DC38CFD21D886EBC00425E31 /* AppDelegate.swift */ = {isa = PBXFileReference; lastKnownFileType = sourcecode.swift; path = AppDelegate.swift; sourceTree = "<group>"; };
		DC38CFD71D886EBC00425E31 /* Base */ = {isa = PBXFileReference; lastKnownFileType = file.storyboard; name = Base; path = Base.lproj/Main.storyboard; sourceTree = "<group>"; };
		DC38CFD91D886EBC00425E31 /* Assets.xcassets */ = {isa = PBXFileReference; lastKnownFileType = folder.assetcatalog; path = Assets.xcassets; sourceTree = "<group>"; };
		DC38CFDC1D886EBC00425E31 /* Base */ = {isa = PBXFileReference; lastKnownFileType = file.storyboard; name = Base; path = Base.lproj/LaunchScreen.storyboard; sourceTree = "<group>"; };
		DC38CFDE1D886EBC00425E31 /* Info.plist */ = {isa = PBXFileReference; lastKnownFileType = text.plist.xml; path = Info.plist; sourceTree = "<group>"; };
		DC38CFE41D88806400425E31 /* ProductViewController.swift */ = {isa = PBXFileReference; fileEncoding = 4; lastKnownFileType = sourcecode.swift; path = ProductViewController.swift; sourceTree = "<group>"; };
		DC4A08821D9C474A00F9A8AA /* SpeechOrderViewController.swift */ = {isa = PBXFileReference; fileEncoding = 4; lastKnownFileType = sourcecode.swift; path = SpeechOrderViewController.swift; sourceTree = "<group>"; };
		DC4A08861D9C510900F9A8AA /* AudioRecorderViewController.swift */ = {isa = PBXFileReference; fileEncoding = 4; lastKnownFileType = sourcecode.swift; path = AudioRecorderViewController.swift; sourceTree = "<group>"; };
		DC4A08871D9C510900F9A8AA /* AudioRecorderViewController.xib */ = {isa = PBXFileReference; fileEncoding = 4; lastKnownFileType = file.xib; path = AudioRecorderViewController.xib; sourceTree = "<group>"; };
		DC4A088A1D9C5D3A00F9A8AA /* PlayButton@2x.png */ = {isa = PBXFileReference; lastKnownFileType = image.png; name = "PlayButton@2x.png"; path = "AudioRecorderViewController/PlayButton@2x.png"; sourceTree = "<group>"; };
		DC4A088B1D9C5D3A00F9A8AA /* StopButton@2x.png */ = {isa = PBXFileReference; lastKnownFileType = image.png; name = "StopButton@2x.png"; path = "AudioRecorderViewController/StopButton@2x.png"; sourceTree = "<group>"; };
		DC5370FD1D9AD730003C217E /* VisualRecognitionV3.framework */ = {isa = PBXFileReference; lastKnownFileType = wrapper.framework; name = VisualRecognitionV3.framework; path = "ios-sdk/build/Debug-iphoneos/VisualRecognitionV3.framework"; sourceTree = "<group>"; };
		DC5370FF1D9ADD62003C217E /* Alamofire.framework */ = {isa = PBXFileReference; lastKnownFileType = wrapper.framework; name = Alamofire.framework; path = Carthage/Build/iOS/Alamofire.framework; sourceTree = "<group>"; };
		DC5371011D9ADDFF003C217E /* Alamofire.framework */ = {isa = PBXFileReference; lastKnownFileType = wrapper.framework; name = Alamofire.framework; path = Carthage/Build/iOS/Alamofire.framework; sourceTree = "<group>"; };
		DC5371051D9ADFBD003C217E /* Freddy.framework */ = {isa = PBXFileReference; lastKnownFileType = wrapper.framework; name = Freddy.framework; path = Carthage/Build/iOS/Freddy.framework; sourceTree = "<group>"; };
		DC7C473E1D8B387A00CDCC5F /* HEINEKEN.TTF */ = {isa = PBXFileReference; lastKnownFileType = file; name = HEINEKEN.TTF; path = ../../../Downloads/Heineken/HEINEKEN.TTF; sourceTree = "<group>"; };
		DC7C47401D8C7F1C00CDCC5F /* SplashViewController.swift */ = {isa = PBXFileReference; fileEncoding = 4; lastKnownFileType = sourcecode.swift; path = SplashViewController.swift; sourceTree = "<group>"; };
		DCA35DB51D907EE8009F10C5 /* NoClickPurchaseViewController.swift */ = {isa = PBXFileReference; fileEncoding = 4; lastKnownFileType = sourcecode.swift; path = NoClickPurchaseViewController.swift; sourceTree = "<group>"; };
		DCD7C09D1D9448EA005C9B15 /* GoogleService-Info.plist */ = {isa = PBXFileReference; fileEncoding = 4; lastKnownFileType = text.plist.xml; path = "GoogleService-Info.plist"; sourceTree = "<group>"; };
		DCD7C09F1D947109005C9B15 /* PlaceOrderViewController.swift */ = {isa = PBXFileReference; fileEncoding = 4; lastKnownFileType = sourcecode.swift; path = PlaceOrderViewController.swift; sourceTree = "<group>"; };
		DCD7C0A11D94767B005C9B15 /* video.mp4 */ = {isa = PBXFileReference; lastKnownFileType = file; name = video.mp4; path = ../../../Documents/video.mp4; sourceTree = "<group>"; };
		DCD7C0A31D94882D005C9B15 /* OrderWithPhotoViewController.swift */ = {isa = PBXFileReference; fileEncoding = 4; lastKnownFileType = sourcecode.swift; path = OrderWithPhotoViewController.swift; sourceTree = "<group>"; };
/* End PBXFileReference section */

/* Begin PBXFrameworksBuildPhase section */
		DC38CFCC1D886EBC00425E31 /* Frameworks */ = {
			isa = PBXFrameworksBuildPhase;
			buildActionMask = 2147483647;
			files = (
				DC5371021D9ADDFF003C217E /* Alamofire.framework in Frameworks */,
				DC0B0C511D9AF4190042B490 /* RestKit.framework in Frameworks */,
				DC5371061D9ADFBD003C217E /* Freddy.framework in Frameworks */,
				A3473A59DE733E60E432704B /* Pods_MyFirstApp.framework in Frameworks */,
				DC0B0C4E1D9AF19B0042B490 /* VisualRecognitionV3.framework in Frameworks */,
			);
			runOnlyForDeploymentPostprocessing = 0;
		};
/* End PBXFrameworksBuildPhase section */

/* Begin PBXGroup section */
		3B73AADDA0B55BB4BFB783A2 /* Pods */ = {
			isa = PBXGroup;
			children = (
				AD2307F197D5053BAF03DE5A /* Pods-MyFirstApp.debug.xcconfig */,
				41598FC88F7F5D25E890CE78 /* Pods-MyFirstApp.release.xcconfig */,
			);
			name = Pods;
			sourceTree = "<group>";
		};
		DC38CFC61D886EBC00425E31 = {
			isa = PBXGroup;
			children = (
				DC0B0C501D9AF4190042B490 /* RestKit.framework */,
				DC0B0C4D1D9AF19B0042B490 /* VisualRecognitionV3.framework */,
				DC5371051D9ADFBD003C217E /* Freddy.framework */,
				DC5371011D9ADDFF003C217E /* Alamofire.framework */,
				DC38CFD11D886EBC00425E31 /* MyFirstApp */,
				DC38CFD01D886EBC00425E31 /* Products */,
				3B73AADDA0B55BB4BFB783A2 /* Pods */,
				E4B7068EC38911F6E47F763C /* Frameworks */,
			);
			sourceTree = "<group>";
		};
		DC38CFD01D886EBC00425E31 /* Products */ = {
			isa = PBXGroup;
			children = (
				DC38CFCF1D886EBC00425E31 /* MyFirstApp.app */,
			);
			name = Products;
			sourceTree = "<group>";
		};
		DC38CFD11D886EBC00425E31 /* MyFirstApp */ = {
			isa = PBXGroup;
			children = (
				DC4A088A1D9C5D3A00F9A8AA /* PlayButton@2x.png */,
				DC4A088B1D9C5D3A00F9A8AA /* StopButton@2x.png */,
				DC4A08861D9C510900F9A8AA /* AudioRecorderViewController.swift */,
				DC4A08871D9C510900F9A8AA /* AudioRecorderViewController.xib */,
				DCD7C0A11D94767B005C9B15 /* video.mp4 */,
				DCD7C09D1D9448EA005C9B15 /* GoogleService-Info.plist */,
				DC38CFD21D886EBC00425E31 /* AppDelegate.swift */,
				DC38CFD61D886EBC00425E31 /* Main.storyboard */,
				DCA35DB51D907EE8009F10C5 /* NoClickPurchaseViewController.swift */,
				DC38CFD91D886EBC00425E31 /* Assets.xcassets */,
				DC38CFDB1D886EBC00425E31 /* LaunchScreen.storyboard */,
				DC38CFDE1D886EBC00425E31 /* Info.plist */,
				DC38CFE41D88806400425E31 /* ProductViewController.swift */,
				DC045E711D8899A000E2EBF6 /* ContactViewController.swift */,
				DC045E731D88A76E00E2EBF6 /* ProductsTableViewController.swift */,
				DC045E751D89C1EC00E2EBF6 /* Product.swift */,
				DC7C473E1D8B387A00CDCC5F /* HEINEKEN.TTF */,
				DC7C47401D8C7F1C00CDCC5F /* SplashViewController.swift */,
				DCD7C09F1D947109005C9B15 /* PlaceOrderViewController.swift */,
				DCD7C0A31D94882D005C9B15 /* OrderWithPhotoViewController.swift */,
				DC4A08821D9C474A00F9A8AA /* SpeechOrderViewController.swift */,
			);
			path = MyFirstApp;
			sourceTree = "<group>";
		};
		E4B7068EC38911F6E47F763C /* Frameworks */ = {
			isa = PBXGroup;
			children = (
				DC5370FF1D9ADD62003C217E /* Alamofire.framework */,
				DC5370FD1D9AD730003C217E /* VisualRecognitionV3.framework */,
				0E717B57732DED001A927CF9 /* Pods_MyFirstApp.framework */,
			);
			name = Frameworks;
			sourceTree = "<group>";
		};
/* End PBXGroup section */

/* Begin PBXNativeTarget section */
		DC38CFCE1D886EBC00425E31 /* MyFirstApp */ = {
			isa = PBXNativeTarget;
			buildConfigurationList = DC38CFE11D886EBC00425E31 /* Build configuration list for PBXNativeTarget "MyFirstApp" */;
			buildPhases = (
				E327356FB923557A08891B05 /* [CP] Check Pods Manifest.lock */,
				DC38CFCB1D886EBC00425E31 /* Sources */,
				DC38CFCC1D886EBC00425E31 /* Frameworks */,
				DC38CFCD1D886EBC00425E31 /* Resources */,
				F06D5D091A69179B09D8AA01 /* [CP] Embed Pods Frameworks */,
				459CBB1A14DBAEFFF2F1646F /* [CP] Copy Pods Resources */,
				DC5371041D9ADDFF003C217E /* Embed Frameworks */,
			);
			buildRules = (
			);
			dependencies = (
			);
			name = MyFirstApp;
			productName = MyFirstApp;
			productReference = DC38CFCF1D886EBC00425E31 /* MyFirstApp.app */;
			productType = "com.apple.product-type.application";
		};
/* End PBXNativeTarget section */

/* Begin PBXProject section */
		DC38CFC71D886EBC00425E31 /* Project object */ = {
			isa = PBXProject;
			attributes = {
				LastSwiftUpdateCheck = 0730;
				LastUpgradeCheck = 0730;
				ORGANIZATIONNAME = Accenture;
				TargetAttributes = {
					DC38CFCE1D886EBC00425E31 = {
						CreatedOnToolsVersion = 7.3.1;
						DevelopmentTeam = A736V34HJN;
						LastSwiftMigration = 0800;
					};
				};
			};
			buildConfigurationList = DC38CFCA1D886EBC00425E31 /* Build configuration list for PBXProject "MyFirstApp" */;
			compatibilityVersion = "Xcode 3.2";
			developmentRegion = English;
			hasScannedForEncodings = 0;
			knownRegions = (
				en,
				Base,
			);
			mainGroup = DC38CFC61D886EBC00425E31;
			productRefGroup = DC38CFD01D886EBC00425E31 /* Products */;
			projectDirPath = "";
			projectRoot = "";
			targets = (
				DC38CFCE1D886EBC00425E31 /* MyFirstApp */,
			);
		};
/* End PBXProject section */

/* Begin PBXResourcesBuildPhase section */
		DC38CFCD1D886EBC00425E31 /* Resources */ = {
			isa = PBXResourcesBuildPhase;
			buildActionMask = 2147483647;
			files = (
				DC4A088C1D9C5D3A00F9A8AA /* PlayButton@2x.png in Resources */,
				DC38CFDD1D886EBC00425E31 /* LaunchScreen.storyboard in Resources */,
				DCD7C0A21D94767B005C9B15 /* video.mp4 in Resources */,
				DC38CFDA1D886EBC00425E31 /* Assets.xcassets in Resources */,
				DCD7C09E1D9448EA005C9B15 /* GoogleService-Info.plist in Resources */,
				DC4A08891D9C510900F9A8AA /* AudioRecorderViewController.xib in Resources */,
				DC38CFD81D886EBC00425E31 /* Main.storyboard in Resources */,
				DC7C473F1D8B387A00CDCC5F /* HEINEKEN.TTF in Resources */,
				DC4A088D1D9C5D3A00F9A8AA /* StopButton@2x.png in Resources */,
			);
			runOnlyForDeploymentPostprocessing = 0;
		};
/* End PBXResourcesBuildPhase section */

/* Begin PBXShellScriptBuildPhase section */
		459CBB1A14DBAEFFF2F1646F /* [CP] Copy Pods Resources */ = {
			isa = PBXShellScriptBuildPhase;
			buildActionMask = 2147483647;
			files = (
			);
			inputPaths = (
			);
			name = "[CP] Copy Pods Resources";
			outputPaths = (
			);
			runOnlyForDeploymentPostprocessing = 0;
			shellPath = /bin/sh;
			shellScript = "\"${SRCROOT}/Pods/Target Support Files/Pods-MyFirstApp/Pods-MyFirstApp-resources.sh\"\n";
			showEnvVarsInLog = 0;
		};
		E327356FB923557A08891B05 /* [CP] Check Pods Manifest.lock */ = {
			isa = PBXShellScriptBuildPhase;
			buildActionMask = 2147483647;
			files = (
			);
			inputPaths = (
			);
			name = "[CP] Check Pods Manifest.lock";
			outputPaths = (
			);
			runOnlyForDeploymentPostprocessing = 0;
			shellPath = /bin/sh;
			shellScript = "diff \"${PODS_ROOT}/../Podfile.lock\" \"${PODS_ROOT}/Manifest.lock\" > /dev/null\nif [[ $? != 0 ]] ; then\n    cat << EOM\nerror: The sandbox is not in sync with the Podfile.lock. Run 'pod install' or update your CocoaPods installation.\nEOM\n    exit 1\nfi\n";
			showEnvVarsInLog = 0;
		};
		F06D5D091A69179B09D8AA01 /* [CP] Embed Pods Frameworks */ = {
			isa = PBXShellScriptBuildPhase;
			buildActionMask = 2147483647;
			files = (
			);
			inputPaths = (
			);
			name = "[CP] Embed Pods Frameworks";
			outputPaths = (
			);
			runOnlyForDeploymentPostprocessing = 0;
			shellPath = /bin/sh;
			shellScript = "\"${SRCROOT}/Pods/Target Support Files/Pods-MyFirstApp/Pods-MyFirstApp-frameworks.sh\"\n";
			showEnvVarsInLog = 0;
		};
/* End PBXShellScriptBuildPhase section */

/* Begin PBXSourcesBuildPhase section */
		DC38CFCB1D886EBC00425E31 /* Sources */ = {
			isa = PBXSourcesBuildPhase;
			buildActionMask = 2147483647;
			files = (
				DC4A08881D9C510900F9A8AA /* AudioRecorderViewController.swift in Sources */,
				DC38CFE51D88806400425E31 /* ProductViewController.swift in Sources */,
				DCD7C0A01D947109005C9B15 /* PlaceOrderViewController.swift in Sources */,
				DC045E741D88A76E00E2EBF6 /* ProductsTableViewController.swift in Sources */,
				DC045E761D89C1EC00E2EBF6 /* Product.swift in Sources */,
				DCA35DB61D907EE8009F10C5 /* NoClickPurchaseViewController.swift in Sources */,
				DC4A08831D9C474A00F9A8AA /* SpeechOrderViewController.swift in Sources */,
				DC7C47411D8C7F1C00CDCC5F /* SplashViewController.swift in Sources */,
				DC38CFD31D886EBC00425E31 /* AppDelegate.swift in Sources */,
				DCD7C0A41D94882D005C9B15 /* OrderWithPhotoViewController.swift in Sources */,
				DC045E721D8899A000E2EBF6 /* ContactViewController.swift in Sources */,
			);
			runOnlyForDeploymentPostprocessing = 0;
		};
/* End PBXSourcesBuildPhase section */

/* Begin PBXVariantGroup section */
		DC38CFD61D886EBC00425E31 /* Main.storyboard */ = {
			isa = PBXVariantGroup;
			children = (
				DC38CFD71D886EBC00425E31 /* Base */,
			);
			name = Main.storyboard;
			sourceTree = "<group>";
		};
		DC38CFDB1D886EBC00425E31 /* LaunchScreen.storyboard */ = {
			isa = PBXVariantGroup;
			children = (
				DC38CFDC1D886EBC00425E31 /* Base */,
			);
			name = LaunchScreen.storyboard;
			sourceTree = "<group>";
		};
/* End PBXVariantGroup section */

/* Begin XCBuildConfiguration section */
		DC38CFDF1D886EBC00425E31 /* Debug */ = {
			isa = XCBuildConfiguration;
			buildSettings = {
				ALWAYS_SEARCH_USER_PATHS = NO;
				CLANG_ANALYZER_NONNULL = YES;
				CLANG_CXX_LANGUAGE_STANDARD = "gnu++0x";
				CLANG_CXX_LIBRARY = "libc++";
				CLANG_ENABLE_MODULES = YES;
				CLANG_ENABLE_OBJC_ARC = YES;
				CLANG_WARN_BOOL_CONVERSION = YES;
				CLANG_WARN_CONSTANT_CONVERSION = YES;
				CLANG_WARN_DIRECT_OBJC_ISA_USAGE = YES_ERROR;
				CLANG_WARN_EMPTY_BODY = YES;
				CLANG_WARN_ENUM_CONVERSION = YES;
				CLANG_WARN_INT_CONVERSION = YES;
				CLANG_WARN_OBJC_ROOT_CLASS = YES_ERROR;
				CLANG_WARN_UNREACHABLE_CODE = YES;
				CLANG_WARN__DUPLICATE_METHOD_MATCH = YES;
				"CODE_SIGN_IDENTITY[sdk=iphoneos*]" = "iPhone Developer";
				COPY_PHASE_STRIP = NO;
				DEBUG_INFORMATION_FORMAT = dwarf;
				ENABLE_STRICT_OBJC_MSGSEND = YES;
				ENABLE_TESTABILITY = YES;
				GCC_C_LANGUAGE_STANDARD = gnu99;
				GCC_DYNAMIC_NO_PIC = NO;
				GCC_NO_COMMON_BLOCKS = YES;
				GCC_OPTIMIZATION_LEVEL = 0;
				GCC_PREPROCESSOR_DEFINITIONS = (
					"DEBUG=1",
					"$(inherited)",
				);
				GCC_WARN_64_TO_32_BIT_CONVERSION = YES;
				GCC_WARN_ABOUT_RETURN_TYPE = YES_ERROR;
				GCC_WARN_UNDECLARED_SELECTOR = YES;
				GCC_WARN_UNINITIALIZED_AUTOS = YES_AGGRESSIVE;
				GCC_WARN_UNUSED_FUNCTION = YES;
				GCC_WARN_UNUSED_VARIABLE = YES;
				IPHONEOS_DEPLOYMENT_TARGET = 9.3;
				MTL_ENABLE_DEBUG_INFO = YES;
				ONLY_ACTIVE_ARCH = YES;
				SDKROOT = iphoneos;
				SWIFT_OPTIMIZATION_LEVEL = "-Onone";
			};
			name = Debug;
		};
		DC38CFE01D886EBC00425E31 /* Release */ = {
			isa = XCBuildConfiguration;
			buildSettings = {
				ALWAYS_SEARCH_USER_PATHS = NO;
				CLANG_ANALYZER_NONNULL = YES;
				CLANG_CXX_LANGUAGE_STANDARD = "gnu++0x";
				CLANG_CXX_LIBRARY = "libc++";
				CLANG_ENABLE_MODULES = YES;
				CLANG_ENABLE_OBJC_ARC = YES;
				CLANG_WARN_BOOL_CONVERSION = YES;
				CLANG_WARN_CONSTANT_CONVERSION = YES;
				CLANG_WARN_DIRECT_OBJC_ISA_USAGE = YES_ERROR;
				CLANG_WARN_EMPTY_BODY = YES;
				CLANG_WARN_ENUM_CONVERSION = YES;
				CLANG_WARN_INT_CONVERSION = YES;
				CLANG_WARN_OBJC_ROOT_CLASS = YES_ERROR;
				CLANG_WARN_UNREACHABLE_CODE = YES;
				CLANG_WARN__DUPLICATE_METHOD_MATCH = YES;
				"CODE_SIGN_IDENTITY[sdk=iphoneos*]" = "iPhone Developer";
				COPY_PHASE_STRIP = NO;
				DEBUG_INFORMATION_FORMAT = "dwarf-with-dsym";
				ENABLE_NS_ASSERTIONS = NO;
				ENABLE_STRICT_OBJC_MSGSEND = YES;
				GCC_C_LANGUAGE_STANDARD = gnu99;
				GCC_NO_COMMON_BLOCKS = YES;
				GCC_WARN_64_TO_32_BIT_CONVERSION = YES;
				GCC_WARN_ABOUT_RETURN_TYPE = YES_ERROR;
				GCC_WARN_UNDECLARED_SELECTOR = YES;
				GCC_WARN_UNINITIALIZED_AUTOS = YES_AGGRESSIVE;
				GCC_WARN_UNUSED_FUNCTION = YES;
				GCC_WARN_UNUSED_VARIABLE = YES;
				IPHONEOS_DEPLOYMENT_TARGET = 9.3;
				MTL_ENABLE_DEBUG_INFO = NO;
				SDKROOT = iphoneos;
				VALIDATE_PRODUCT = YES;
			};
			name = Release;
		};
		DC38CFE21D886EBC00425E31 /* Debug */ = {
			isa = XCBuildConfiguration;
			baseConfigurationReference = AD2307F197D5053BAF03DE5A /* Pods-MyFirstApp.debug.xcconfig */;
			buildSettings = {
				ASSETCATALOG_COMPILER_APPICON_NAME = AppIcon;
				CODE_SIGN_IDENTITY = "iPhone Developer";
				"CODE_SIGN_IDENTITY[sdk=iphoneos*]" = "iPhone Developer";
				FRAMEWORK_SEARCH_PATHS = (
					"$(inherited)",
					"$(PROJECT_DIR)/ios-sdk/build/Debug-iphoneos",
					"$(PROJECT_DIR)/Carthage/Build/iOS",
				);
				INFOPLIST_FILE = MyFirstApp/Info.plist;
				IPHONEOS_DEPLOYMENT_TARGET = 9.0;
				LD_RUNPATH_SEARCH_PATHS = "$(inherited) @executable_path/Frameworks";
				PRODUCT_BUNDLE_IDENTIFIER = com.accenture.MyFirstApp;
				PRODUCT_NAME = "$(TARGET_NAME)";
				PROVISIONING_PROFILE = "";
				SWIFT_VERSION = 3.0;
			};
			name = Debug;
		};
		DC38CFE31D886EBC00425E31 /* Release */ = {
			isa = XCBuildConfiguration;
			baseConfigurationReference = 41598FC88F7F5D25E890CE78 /* Pods-MyFirstApp.release.xcconfig */;
			buildSettings = {
				ASSETCATALOG_COMPILER_APPICON_NAME = AppIcon;
				CODE_SIGN_IDENTITY = "iPhone Developer";
				"CODE_SIGN_IDENTITY[sdk=iphoneos*]" = "iPhone Developer";
				FRAMEWORK_SEARCH_PATHS = (
					"$(inherited)",
					"$(PROJECT_DIR)/ios-sdk/build/Debug-iphoneos",
					"$(PROJECT_DIR)/Carthage/Build/iOS",
				);
				INFOPLIST_FILE = MyFirstApp/Info.plist;
				IPHONEOS_DEPLOYMENT_TARGET = 9.0;
				LD_RUNPATH_SEARCH_PATHS = "$(inherited) @executable_path/Frameworks";
				PRODUCT_BUNDLE_IDENTIFIER = com.accenture.MyFirstApp;
				PRODUCT_NAME = "$(TARGET_NAME)";
				PROVISIONING_PROFILE = "";
				SWIFT_VERSION = 3.0;
			};
			name = Release;
		};
/* End XCBuildConfiguration section */

/* Begin XCConfigurationList section */
		DC38CFCA1D886EBC00425E31 /* Build configuration list for PBXProject "MyFirstApp" */ = {
			isa = XCConfigurationList;
			buildConfigurations = (
				DC38CFDF1D886EBC00425E31 /* Debug */,
				DC38CFE01D886EBC00425E31 /* Release */,
			);
			defaultConfigurationIsVisible = 0;
			defaultConfigurationName = Release;
		};
		DC38CFE11D886EBC00425E31 /* Build configuration list for PBXNativeTarget "MyFirstApp" */ = {
			isa = XCConfigurationList;
			buildConfigurations = (
				DC38CFE21D886EBC00425E31 /* Debug */,
				DC38CFE31D886EBC00425E31 /* Release */,
			);
			defaultConfigurationIsVisible = 0;
			defaultConfigurationName = Release;
		};
/* End XCConfigurationList section */
	};
	rootObject = DC38CFC71D886EBC00425E31 /* Project object */;
}
